
Microsoft Visual Studio Solution File, Format Version 12.00
# Visual Studio Version 17
VisualStudioVersion = 17.6.33829.357
MinimumVisualStudioVersion = 10.0.40219.1
Project("{FAE04EC0-301F-11D3-BF4B-00C04F79EFBC}") = "HangManProject2", "HangManProject2.csproj", "{DA6DB46F-4820-4D37-8613-C50084B4FEB8}"
EndProject
Global
	GlobalSection(SolutionConfigurationPlatforms) = preSolution
		Debug|Any CPU = Debug|Any CPU
		Release|Any CPU = Release|Any CPU
	EndGlobalSection
	GlobalSection(ProjectConfigurationPlatforms) = postSolution
		{DA6DB46F-4820-4D37-8613-C50084B4FEB8}.Debug|Any CPU.ActiveCfg = Debug|Any CPU
		{DA6DB46F-4820-4D37-8613-C50084B4FEB8}.Debug|Any CPU.Build.0 = Debug|Any CPU
		{DA6DB46F-4820-4D37-8613-C50084B4FEB8}.Release|Any CPU.ActiveCfg = Release|Any CPU
		{DA6DB46F-4820-4D37-8613-C50084B4FEB8}.Release|Any CPU.Build.0 = Release|Any CPU
	EndGlobalSection
	GlobalSection(SolutionProperties) = preSolution
		HideSolutionNode = FALSE
	EndGlobalSection
	GlobalSection(ExtensibilityGlobals) = postSolution
		SolutionGuid = {3FF9B393-5E3A-4FB5-AF8C-F42B6264B3EE}
	EndGlobalSection
EndGlobal
